// !$*UTF8*$!
{
	archiveVersion = 1;
	classes = {
	};
	objectVersion = 46;
	objects = {

/* Begin PBXBuildFile section */
		733134C31B9C1EAC005CCEF8 /* AppDelegate.swift in Sources */ = {isa = PBXBuildFile; fileRef = 733134C21B9C1EAC005CCEF8 /* AppDelegate.swift */; };
		733134C51B9C1EAC005CCEF8 /* ViewController.swift in Sources */ = {isa = PBXBuildFile; fileRef = 733134C41B9C1EAC005CCEF8 /* ViewController.swift */; };
		733134C81B9C1EAC005CCEF8 /* Main.storyboard in Resources */ = {isa = PBXBuildFile; fileRef = 733134C61B9C1EAC005CCEF8 /* Main.storyboard */; };
		733134CA1B9C1EAC005CCEF8 /* Images.xcassets in Resources */ = {isa = PBXBuildFile; fileRef = 733134C91B9C1EAC005CCEF8 /* Images.xcassets */; };
		733134CD1B9C1EAC005CCEF8 /* LaunchScreen.xib in Resources */ = {isa = PBXBuildFile; fileRef = 733134CB1B9C1EAC005CCEF8 /* LaunchScreen.xib */; };
		733134D91B9C1EAC005CCEF8 /* HHImageGeneratorTests.swift in Sources */ = {isa = PBXBuildFile; fileRef = 733134D81B9C1EAC005CCEF8 /* HHImageGeneratorTests.swift */; };
/* End PBXBuildFile section */

/* Begin PBXContainerItemProxy section */
		733134D31B9C1EAC005CCEF8 /* PBXContainerItemProxy */ = {
			isa = PBXContainerItemProxy;
			containerPortal = 733134B51B9C1EAC005CCEF8 /* Project object */;
			proxyType = 1;
			remoteGlobalIDString = 733134BC1B9C1EAC005CCEF8;
			remoteInfo = HHImageGenerator;
		};
/* End PBXContainerItemProxy section */

/* Begin PBXFileReference section */
		733134BD1B9C1EAC005CCEF8 /* HHImageGenerator.app */ = {isa = PBXFileReference; explicitFileType = wrapper.application; includeInIndex = 0; path = HHImageGenerator.app; sourceTree = BUILT_PRODUCTS_DIR; };
		733134C11B9C1EAC005CCEF8 /* Info.plist */ = {isa = PBXFileReference; lastKnownFileType = text.plist.xml; path = Info.plist; sourceTree = "<group>"; };
		733134C21B9C1EAC005CCEF8 /* AppDelegate.swift */ = {isa = PBXFileReference; lastKnownFileType = sourcecode.swift; path = AppDelegate.swift; sourceTree = "<group>"; };
		733134C41B9C1EAC005CCEF8 /* ViewController.swift */ = {isa = PBXFileReference; lastKnownFileType = sourcecode.swift; path = ViewController.swift; sourceTree = "<group>"; };
		733134C71B9C1EAC005CCEF8 /* Base */ = {isa = PBXFileReference; lastKnownFileType = file.storyboard; name = Base; path = Base.lproj/Main.storyboard; sourceTree = "<group>"; };
		733134C91B9C1EAC005CCEF8 /* Images.xcassets */ = {isa = PBXFileReference; lastKnownFileType = folder.assetcatalog; path = Images.xcassets; sourceTree = "<group>"; };
		733134CC1B9C1EAC005CCEF8 /* Base */ = {isa = PBXFileReference; lastKnownFileType = file.xib; name = Base; path = Base.lproj/LaunchScreen.xib; sourceTree = "<group>"; };
		733134D21B9C1EAC005CCEF8 /* HHImageGeneratorTests.xctest */ = {isa = PBXFileReference; explicitFileType = wrapper.cfbundle; includeInIndex = 0; path = HHImageGeneratorTests.xctest; sourceTree = BUILT_PRODUCTS_DIR; };
		733134D71B9C1EAC005CCEF8 /* Info.plist */ = {isa = PBXFileReference; lastKnownFileType = text.plist.xml; path = Info.plist; sourceTree = "<group>"; };
		733134D81B9C1EAC005CCEF8 /* HHImageGeneratorTests.swift */ = {isa = PBXFileReference; lastKnownFileType = sourcecode.swift; path = HHImageGeneratorTests.swift; sourceTree = "<group>"; };
/* End PBXFileReference section */

/* Begin PBXFrameworksBuildPhase section */
		733134BA1B9C1EAC005CCEF8 /* Frameworks */ = {
			isa = PBXFrameworksBuildPhase;
			buildActionMask = 2147483647;
			files = (
			);
			runOnlyForDeploymentPostprocessing = 0;
		};
		733134CF1B9C1EAC005CCEF8 /* Frameworks */ = {
			isa = PBXFrameworksBuildPhase;
			buildActionMask = 2147483647;
			files = (
			);
			runOnlyForDeploymentPostprocessing = 0;
		};
/* End PBXFrameworksBuildPhase section */

/* Begin PBXGroup section */
		733134B41B9C1EAC005CCEF8 = {
			isa = PBXGroup;
			children = (
				733134BF1B9C1EAC005CCEF8 /* HHImageGenerator */,
				733134D51B9C1EAC005CCEF8 /* HHImageGeneratorTests */,
				733134BE1B9C1EAC005CCEF8 /* Products */,
			);
			sourceTree = "<group>";
		};
		733134BE1B9C1EAC005CCEF8 /* Products */ = {
			isa = PBXGroup;
			children = (
				733134BD1B9C1EAC005CCEF8 /* HHImageGenerator.app */,
				733134D21B9C1EAC005CCEF8 /* HHImageGeneratorTests.xctest */,
			);
			name = Products;
			sourceTree = "<group>";
		};
		733134BF1B9C1EAC005CCEF8 /* HHImageGenerator */ = {
			isa = PBXGroup;
			children = (
				733134C21B9C1EAC005CCEF8 /* AppDelegate.swift */,
				733134C41B9C1EAC005CCEF8 /* ViewController.swift */,
				733134C61B9C1EAC005CCEF8 /* Main.storyboard */,
				733134C91B9C1EAC005CCEF8 /* Images.xcassets */,
				733134CB1B9C1EAC005CCEF8 /* LaunchScreen.xib */,
				733134C01B9C1EAC005CCEF8 /* Supporting Files */,
			);
			path = HHImageGenerator;
			sourceTree = "<group>";
		};
		733134C01B9C1EAC005CCEF8 /* Supporting Files */ = {
			isa = PBXGroup;
			children = (
				733134C11B9C1EAC005CCEF8 /* Info.plist */,
			);
			name = "Supporting Files";
			sourceTree = "<group>";
		};
		733134D51B9C1EAC005CCEF8 /* HHImageGeneratorTests */ = {
			isa = PBXGroup;
			children = (
				733134D81B9C1EAC005CCEF8 /* HHImageGeneratorTests.swift */,
				733134D61B9C1EAC005CCEF8 /* Supporting Files */,
			);
			path = HHImageGeneratorTests;
			sourceTree = "<group>";
		};
		733134D61B9C1EAC005CCEF8 /* Supporting Files */ = {
			isa = PBXGroup;
			children = (
				733134D71B9C1EAC005CCEF8 /* Info.plist */,
			);
			name = "Supporting Files";
			sourceTree = "<group>";
		};
/* End PBXGroup section */

/* Begin PBXNativeTarget section */
		733134BC1B9C1EAC005CCEF8 /* HHImageGenerator */ = {
			isa = PBXNativeTarget;
			buildConfigurationList = 733134DC1B9C1EAC005CCEF8 /* Build configuration list for PBXNativeTarget "HHImageGenerator" */;
			buildPhases = (
				733134B91B9C1EAC005CCEF8 /* Sources */,
				733134BA1B9C1EAC005CCEF8 /* Frameworks */,
				733134BB1B9C1EAC005CCEF8 /* Resources */,
			);
			buildRules = (
			);
			dependencies = (
			);
			name = HHImageGenerator;
			productName = HHImageGenerator;
			productReference = 733134BD1B9C1EAC005CCEF8 /* HHImageGenerator.app */;
			productType = "com.apple.product-type.application";
		};
		733134D11B9C1EAC005CCEF8 /* HHImageGeneratorTests */ = {
			isa = PBXNativeTarget;
			buildConfigurationList = 733134DF1B9C1EAC005CCEF8 /* Build configuration list for PBXNativeTarget "HHImageGeneratorTests" */;
			buildPhases = (
				733134CE1B9C1EAC005CCEF8 /* Sources */,
				733134CF1B9C1EAC005CCEF8 /* Frameworks */,
				733134D01B9C1EAC005CCEF8 /* Resources */,
			);
			buildRules = (
			);
			dependencies = (
				733134D41B9C1EAC005CCEF8 /* PBXTargetDependency */,
			);
			name = HHImageGeneratorTests;
			productName = HHImageGeneratorTests;
			productReference = 733134D21B9C1EAC005CCEF8 /* HHImageGeneratorTests.xctest */;
			productType = "com.apple.product-type.bundle.unit-test";
		};
/* End PBXNativeTarget section */

/* Begin PBXProject section */
		733134B51B9C1EAC005CCEF8 /* Project object */ = {
			isa = PBXProject;
			attributes = {
				LastUpgradeCheck = 0640;
				ORGANIZATIONNAME = "RABE_IT Services";
				TargetAttributes = {
					733134BC1B9C1EAC005CCEF8 = {
						CreatedOnToolsVersion = 6.4;
					};
					733134D11B9C1EAC005CCEF8 = {
						CreatedOnToolsVersion = 6.4;
						TestTargetID = 733134BC1B9C1EAC005CCEF8;
					};
				};
			};
			buildConfigurationList = 733134B81B9C1EAC005CCEF8 /* Build configuration list for PBXProject "HHImageGenerator" */;
			compatibilityVersion = "Xcode 3.2";
			developmentRegion = English;
			hasScannedForEncodings = 0;
			knownRegions = (
				en,
				Base,
			);
			mainGroup = 733134B41B9C1EAC005CCEF8;
			productRefGroup = 733134BE1B9C1EAC005CCEF8 /* Products */;
			projectDirPath = "";
			projectRoot = "";
			targets = (
				733134BC1B9C1EAC005CCEF8 /* HHImageGenerator */,
				733134D11B9C1EAC005CCEF8 /* HHImageGeneratorTests */,
			);
		};
/* End PBXProject section */

/* Begin PBXResourcesBuildPhase section */
		733134BB1B9C1EAC005CCEF8 /* Resources */ = {
			isa = PBXResourcesBuildPhase;
			buildActionMask = 2147483647;
			files = (
				733134C81B9C1EAC005CCEF8 /* Main.storyboard in Resources */,
				733134CD1B9C1EAC005CCEF8 /* LaunchScreen.xib in Resources */,
				733134CA1B9C1EAC005CCEF8 /* Images.xcassets in Resources */,
			);
			runOnlyForDeploymentPostprocessing = 0;
		};
		733134D01B9C1EAC005CCEF8 /* Resources */ = {
			isa = PBXResourcesBuildPhase;
			buildActionMask = 2147483647;
			files = (
			);
			runOnlyForDeploymentPostprocessing = 0;
		};
/* End PBXResourcesBuildPhase section */

/* Begin PBXSourcesBuildPhase section */
		733134B91B9C1EAC005CCEF8 /* Sources */ = {
			isa = PBXSourcesBuildPhase;
			buildActionMask = 2147483647;
			files = (
				733134C51B9C1EAC005CCEF8 /* ViewController.swift in Sources */,
				733134C31B9C1EAC005CCEF8 /* AppDelegate.swift in Sources */,
			);
			runOnlyForDeploymentPostprocessing = 0;
		};
		733134CE1B9C1EAC005CCEF8 /* Sources */ = {
			isa = PBXSourcesBuildPhase;
			buildActionMask = 2147483647;
			files = (
				733134D91B9C1EAC005CCEF8 /* HHImageGeneratorTests.swift in Sources */,
			);
			runOnlyForDeploymentPostprocessing = 0;
		};
/* End PBXSourcesBuildPhase section */

/* Begin PBXTargetDependency section */
		733134D41B9C1EAC005CCEF8 /* PBXTargetDependency */ = {
			isa = PBXTargetDependency;
			target = 733134BC1B9C1EAC005CCEF8 /* HHImageGenerator */;
			targetProxy = 733134D31B9C1EAC005CCEF8 /* PBXContainerItemProxy */;
		};
/* End PBXTargetDependency section */

/* Begin PBXVariantGroup section */
		733134C61B9C1EAC005CCEF8 /* Main.storyboard */ = {
			isa = PBXVariantGroup;
			children = (
				733134C71B9C1EAC005CCEF8 /* Base */,
			);
			name = Main.storyboard;
			sourceTree = "<group>";
		};
		733134CB1B9C1EAC005CCEF8 /* LaunchScreen.xib */ = {
			isa = PBXVariantGroup;
			children = (
				733134CC1B9C1EAC005CCEF8 /* Base */,
			);
			name = LaunchScreen.xib;
			sourceTree = "<group>";
		};
/* End PBXVariantGroup section */

/* Begin XCBuildConfiguration section */
		733134DA1B9C1EAC005CCEF8 /* Debug */ = {
			isa = XCBuildConfiguration;
			buildSettings = {
				ALWAYS_SEARCH_USER_PATHS = NO;
				CLANG_CXX_LANGUAGE_STANDARD = "gnu++0x";
				CLANG_CXX_LIBRARY = "libc++";
				CLANG_ENABLE_MODULES = YES;
				CLANG_ENABLE_OBJC_ARC = YES;
				CLANG_WARN_BOOL_CONVERSION = YES;
				CLANG_WARN_CONSTANT_CONVERSION = YES;
				CLANG_WARN_DIRECT_OBJC_ISA_USAGE = YES_ERROR;
				CLANG_WARN_EMPTY_BODY = YES;
				CLANG_WARN_ENUM_CONVERSION = YES;
				CLANG_WARN_INT_CONVERSION = YES;
				CLANG_WARN_OBJC_ROOT_CLASS = YES_ERROR;
				CLANG_WARN_UNREACHABLE_CODE = YES;
				CLANG_WARN__DUPLICATE_METHOD_MATCH = YES;
				"CODE_SIGN_IDENTITY[sdk=iphoneos*]" = "iPhone Developer";
				COPY_PHASE_STRIP = NO;
				DEBUG_INFORMATION_FORMAT = "dwarf-with-dsym";
				ENABLE_STRICT_OBJC_MSGSEND = YES;
				GCC_C_LANGUAGE_STANDARD = gnu99;
				GCC_DYNAMIC_NO_PIC = NO;
				GCC_NO_COMMON_BLOCKS = YES;
				GCC_OPTIMIZATION_LEVEL = 0;
				GCC_PREPROCESSOR_DEFINITIONS = (
					"DEBUG=1",
					"$(inherited)",
				);
				GCC_SYMBOLS_PRIVATE_EXTERN = NO;
				GCC_WARN_64_TO_32_BIT_CONVERSION = YES;
				GCC_WARN_ABOUT_RETURN_TYPE = YES_ERROR;
				GCC_WARN_UNDECLARED_SELECTOR = YES;
				GCC_WARN_UNINITIALIZED_AUTOS = YES_AGGRESSIVE;
				GCC_WARN_UNUSED_FUNCTION = YES;
				GCC_WARN_UNUSED_VARIABLE = YES;
				IPHONEOS_DEPLOYMENT_TARGET = 8.4;
				MTL_ENABLE_DEBUG_INFO = YES;
				ONLY_ACTIVE_ARCH = YES;
				SDKROOT = iphoneos;
				SWIFT_OPTIMIZATION_LEVEL = "-Onone";
			};
			name = Debug;
		};
		733134DB1B9C1EAC005CCEF8 /* Release */ = {
			isa = XCBuildConfiguration;
			buildSettings = {
				ALWAYS_SEARCH_USER_PATHS = NO;
				CLANG_CXX_LANGUAGE_STANDARD = "gnu++0x";
				CLANG_CXX_LIBRARY = "libc++";
				CLANG_ENABLE_MODULES = YES;
				CLANG_ENABLE_OBJC_ARC = YES;
				CLANG_WARN_BOOL_CONVERSION = YES;
				CLANG_WARN_CONSTANT_CONVERSION = YES;
				CLANG_WARN_DIRECT_OBJC_ISA_USAGE = YES_ERROR;
				CLANG_WARN_EMPTY_BODY = YES;
				CLANG_WARN_ENUM_CONVERSION = YES;
				CLANG_WARN_INT_CONVERSION = YES;
				CLANG_WARN_OBJC_ROOT_CLASS = YES_ERROR;
				CLANG_WARN_UNREACHABLE_CODE = YES;
				CLANG_WARN__DUPLICATE_METHOD_MATCH = YES;
				"CODE_SIGN_IDENTITY[sdk=iphoneos*]" = "iPhone Developer";
				COPY_PHASE_STRIP = NO;
				DEBUG_INFORMATION_FORMAT = "dwarf-with-dsym";
				ENABLE_NS_ASSERTIONS = NO;
				ENABLE_STRICT_OBJC_MSGSEND = YES;
				GCC_C_LANGUAGE_STANDARD = gnu99;
				GCC_NO_COMMON_BLOCKS = YES;
				GCC_WARN_64_TO_32_BIT_CONVERSION = YES;
				GCC_WARN_ABOUT_RETURN_TYPE = YES_ERROR;
				GCC_WARN_UNDECLARED_SELECTOR = YES;
				GCC_WARN_UNINITIALIZED_AUTOS = YES_AGGRESSIVE;
				GCC_WARN_UNUSED_FUNCTION = YES;
				GCC_WARN_UNUSED_VARIABLE = YES;
				IPHONEOS_DEPLOYMENT_TARGET = 8.4;
				MTL_ENABLE_DEBUG_INFO = NO;
				SDKROOT = iphoneos;
				VALIDATE_PRODUCT = YES;
			};
			name = Release;
		};
		733134DD1B9C1EAC005CCEF8 /* Debug */ = {
			isa = XCBuildConfiguration;
			buildSettings = {
				ASSETCATALOG_COMPILER_APPICON_NAME = AppIcon;
				INFOPLIST_FILE = HHImageGenerator/Info.plist;
				LD_RUNPATH_SEARCH_PATHS = "$(inherited) @executable_path/Frameworks";
				PRODUCT_NAME = "$(TARGET_NAME)";
			};
			name = Debug;
		};
		733134DE1B9C1EAC005CCEF8 /* Release */ = {
			isa = XCBuildConfiguration;
			buildSettings = {
				ASSETCATALOG_COMPILER_APPICON_NAME = AppIcon;
				INFOPLIST_FILE = HHImageGenerator/Info.plist;
				LD_RUNPATH_SEARCH_PATHS = "$(inherited) @executable_path/Frameworks";
				PRODUCT_NAME = "$(TARGET_NAME)";
			};
			name = Release;
		};
		733134E01B9C1EAC005CCEF8 /* Debug */ = {
			isa = XCBuildConfiguration;
			buildSettings = {
				BUNDLE_LOADER = "$(TEST_HOST)";
				FRAMEWORK_SEARCH_PATHS = (
					"$(SDKROOT)/Developer/Library/Frameworks",
					"$(inherited)",
				);
				GCC_PREPROCESSOR_DEFINITIONS = (
					"DEBUG=1",
					"$(inherited)",
				);
				INFOPLIST_FILE = HHImageGeneratorTests/Info.plist;
				LD_RUNPATH_SEARCH_PATHS = "$(inherited) @executable_path/Frameworks @loader_path/Frameworks";
				PRODUCT_NAME = "$(TARGET_NAME)";
				TEST_HOST = "$(BUILT_PRODUCTS_DIR)/HHImageGenerator.app/HHImageGenerator";
			};
			name = Debug;
		};
		733134E11B9C1EAC005CCEF8 /* Release */ = {
			isa = XCBuildConfiguration;
			buildSettings = {
				BUNDLE_LOADER = "$(TEST_HOST)";
				FRAMEWORK_SEARCH_PATHS = (
					"$(SDKROOT)/Developer/Library/Frameworks",
					"$(inherited)",
				);
				INFOPLIST_FILE = HHImageGeneratorTests/Info.plist;
				LD_RUNPATH_SEARCH_PATHS = "$(inherited) @executable_path/Frameworks @loader_path/Frameworks";
				PRODUCT_NAME = "$(TARGET_NAME)";
				TEST_HOST = "$(BUILT_PRODUCTS_DIR)/HHImageGenerator.app/HHImageGenerator";
			};
			name = Release;
		};
/* End XCBuildConfiguration section */

/* Begin XCConfigurationList section */
		733134B81B9C1EAC005CCEF8 /* Build configuration list for PBXProject "HHImageGenerator" */ = {
			isa = XCConfigurationList;
			buildConfigurations = (
				733134DA1B9C1EAC005CCEF8 /* Debug */,
				733134DB1B9C1EAC005CCEF8 /* Release */,
			);
			defaultConfigurationIsVisible = 0;
			defaultConfigurationName = Release;
		};
		733134DC1B9C1EAC005CCEF8 /* Build configuration list for PBXNativeTarget "HHImageGenerator" */ = {
			isa = XCConfigurationList;
			buildConfigurations = (
				733134DD1B9C1EAC005CCEF8 /* Debug */,
				733134DE1B9C1EAC005CCEF8 /* Release */,
			);
			defaultConfigurationIsVisible = 0;
		};
		733134DF1B9C1EAC005CCEF8 /* Build configuration list for PBXNativeTarget "HHImageGeneratorTests" */ = {
			isa = XCConfigurationList;
			buildConfigurations = (
				733134E01B9C1EAC005CCEF8 /* Debug */,
				733134E11B9C1EAC005CCEF8 /* Release */,
			);
			defaultConfigurationIsVisible = 0;
		};
/* End XCConfigurationList section */
	};
	rootObject = 733134B51B9C1EAC005CCEF8 /* Project object */;
}
